
Microsoft Visual Studio Solution File, Format Version 12.00
# Visual Studio 15
Project("{FAE04EC0-301F-11D3-BF4B-00C04F79EFBC}") = "Assembly-CSharp", "Assembly-CSharp.csproj", "{BEDC2969-855D-74C8-3A1E-847B8972A88D}"
EndProject
Project("{FAE04EC0-301F-11D3-BF4B-00C04F79EFBC}") = "Assembly-CSharp-Editor", "Assembly-CSharp-Editor.csproj", "{5238535D-6EBF-59A1-18F6-C71246C6671E}"
EndProject
Global
	GlobalSection(SolutionConfigurationPlatforms) = preSolution
		Debug|Any CPU = Debug|Any CPU
		Release|Any CPU = Release|Any CPU
	EndGlobalSection
	GlobalSection(ProjectConfigurationPlatforms) = postSolution
		{BEDC2969-855D-74C8-3A1E-847B8972A88D}.Debug|Any CPU.ActiveCfg = Debug|Any CPU
		{BEDC2969-855D-74C8-3A1E-847B8972A88D}.Debug|Any CPU.Build.0 = Debug|Any CPU
		{BEDC2969-855D-74C8-3A1E-847B8972A88D}.Release|Any CPU.ActiveCfg = Release|Any CPU
		{BEDC2969-855D-74C8-3A1E-847B8972A88D}.Release|Any CPU.Build.0 = Release|Any CPU
		{5238535D-6EBF-59A1-18F6-C71246C6671E}.Debug|Any CPU.ActiveCfg = Debug|Any CPU
		{5238535D-6EBF-59A1-18F6-C71246C6671E}.Debug|Any CPU.Build.0 = Debug|Any CPU
		{5238535D-6EBF-59A1-18F6-C71246C6671E}.Release|Any CPU.ActiveCfg = Release|Any CPU
		{5238535D-6EBF-59A1-18F6-C71246C6671E}.Release|Any CPU.Build.0 = Release|Any CPU
	EndGlobalSection
	GlobalSection(SolutionProperties) = preSolution
		HideSolutionNode = FALSE
	EndGlobalSection
EndGlobal
